// !$*UTF8*$!
{
	archiveVersion = 1;
	classes = {
	};
	objectVersion = 50;
	objects = {

/* Begin PBXBuildFile section */
		A54922FC24DB0F2200C9B140 /* AppDelegate.swift in Sources */ = {isa = PBXBuildFile; fileRef = A54922FB24DB0F2200C9B140 /* AppDelegate.swift */; };
		A54922FE24DB0F2200C9B140 /* SceneDelegate.swift in Sources */ = {isa = PBXBuildFile; fileRef = A54922FD24DB0F2200C9B140 /* SceneDelegate.swift */; };
		A549230024DB0F2200C9B140 /* ViewController.swift in Sources */ = {isa = PBXBuildFile; fileRef = A54922FF24DB0F2200C9B140 /* ViewController.swift */; };
		A549230324DB0F2200C9B140 /* Main.storyboard in Resources */ = {isa = PBXBuildFile; fileRef = A549230124DB0F2200C9B140 /* Main.storyboard */; };
		A549230524DB0F2600C9B140 /* Assets.xcassets in Resources */ = {isa = PBXBuildFile; fileRef = A549230424DB0F2600C9B140 /* Assets.xcassets */; };
		A549230824DB0F2600C9B140 /* LaunchScreen.storyboard in Resources */ = {isa = PBXBuildFile; fileRef = A549230624DB0F2600C9B140 /* LaunchScreen.storyboard */; };
		A549231324DB0F2700C9B140 /* GithublearingTests.swift in Sources */ = {isa = PBXBuildFile; fileRef = A549231224DB0F2700C9B140 /* GithublearingTests.swift */; };
		A549231E24DB0F2700C9B140 /* GithublearingUITests.swift in Sources */ = {isa = PBXBuildFile; fileRef = A549231D24DB0F2700C9B140 /* GithublearingUITests.swift */; };
/* End PBXBuildFile section */

/* Begin PBXContainerItemProxy section */
		A549230F24DB0F2700C9B140 /* PBXContainerItemProxy */ = {
			isa = PBXContainerItemProxy;
			containerPortal = A54922F024DB0F2200C9B140 /* Project object */;
			proxyType = 1;
			remoteGlobalIDString = A54922F724DB0F2200C9B140;
			remoteInfo = Githublearing;
		};
		A549231A24DB0F2700C9B140 /* PBXContainerItemProxy */ = {
			isa = PBXContainerItemProxy;
			containerPortal = A54922F024DB0F2200C9B140 /* Project object */;
			proxyType = 1;
			remoteGlobalIDString = A54922F724DB0F2200C9B140;
			remoteInfo = Githublearing;
		};
/* End PBXContainerItemProxy section */

/* Begin PBXFileReference section */
		A54922F824DB0F2200C9B140 /* Githublearing.app */ = {isa = PBXFileReference; explicitFileType = wrapper.application; includeInIndex = 0; path = Githublearing.app; sourceTree = BUILT_PRODUCTS_DIR; };
		A54922FB24DB0F2200C9B140 /* AppDelegate.swift */ = {isa = PBXFileReference; lastKnownFileType = sourcecode.swift; path = AppDelegate.swift; sourceTree = "<group>"; };
		A54922FD24DB0F2200C9B140 /* SceneDelegate.swift */ = {isa = PBXFileReference; lastKnownFileType = sourcecode.swift; path = SceneDelegate.swift; sourceTree = "<group>"; };
		A54922FF24DB0F2200C9B140 /* ViewController.swift */ = {isa = PBXFileReference; lastKnownFileType = sourcecode.swift; path = ViewController.swift; sourceTree = "<group>"; };
		A549230224DB0F2200C9B140 /* Base */ = {isa = PBXFileReference; lastKnownFileType = file.storyboard; name = Base; path = Base.lproj/Main.storyboard; sourceTree = "<group>"; };
		A549230424DB0F2600C9B140 /* Assets.xcassets */ = {isa = PBXFileReference; lastKnownFileType = folder.assetcatalog; path = Assets.xcassets; sourceTree = "<group>"; };
		A549230724DB0F2600C9B140 /* Base */ = {isa = PBXFileReference; lastKnownFileType = file.storyboard; name = Base; path = Base.lproj/LaunchScreen.storyboard; sourceTree = "<group>"; };
		A549230924DB0F2600C9B140 /* Info.plist */ = {isa = PBXFileReference; lastKnownFileType = text.plist.xml; path = Info.plist; sourceTree = "<group>"; };
		A549230E24DB0F2700C9B140 /* GithublearingTests.xctest */ = {isa = PBXFileReference; explicitFileType = wrapper.cfbundle; includeInIndex = 0; path = GithublearingTests.xctest; sourceTree = BUILT_PRODUCTS_DIR; };
		A549231224DB0F2700C9B140 /* GithublearingTests.swift */ = {isa = PBXFileReference; lastKnownFileType = sourcecode.swift; path = GithublearingTests.swift; sourceTree = "<group>"; };
		A549231424DB0F2700C9B140 /* Info.plist */ = {isa = PBXFileReference; lastKnownFileType = text.plist.xml; path = Info.plist; sourceTree = "<group>"; };
		A549231924DB0F2700C9B140 /* GithublearingUITests.xctest */ = {isa = PBXFileReference; explicitFileType = wrapper.cfbundle; includeInIndex = 0; path = GithublearingUITests.xctest; sourceTree = BUILT_PRODUCTS_DIR; };
		A549231D24DB0F2700C9B140 /* GithublearingUITests.swift */ = {isa = PBXFileReference; lastKnownFileType = sourcecode.swift; path = GithublearingUITests.swift; sourceTree = "<group>"; };
		A549231F24DB0F2700C9B140 /* Info.plist */ = {isa = PBXFileReference; lastKnownFileType = text.plist.xml; path = Info.plist; sourceTree = "<group>"; };
/* End PBXFileReference section */

/* Begin PBXFrameworksBuildPhase section */
		A54922F524DB0F2200C9B140 /* Frameworks */ = {
			isa = PBXFrameworksBuildPhase;
			buildActionMask = 2147483647;
			files = (
			);
			runOnlyForDeploymentPostprocessing = 0;
		};
		A549230B24DB0F2700C9B140 /* Frameworks */ = {
			isa = PBXFrameworksBuildPhase;
			buildActionMask = 2147483647;
			files = (
			);
			runOnlyForDeploymentPostprocessing = 0;
		};
		A549231624DB0F2700C9B140 /* Frameworks */ = {
			isa = PBXFrameworksBuildPhase;
			buildActionMask = 2147483647;
			files = (
			);
			runOnlyForDeploymentPostprocessing = 0;
		};
/* End PBXFrameworksBuildPhase section */

/* Begin PBXGroup section */
		A54922EF24DB0F2200C9B140 = {
			isa = PBXGroup;
			children = (
				A54922FA24DB0F2200C9B140 /* Githublearing */,
				A549231124DB0F2700C9B140 /* GithublearingTests */,
				A549231C24DB0F2700C9B140 /* GithublearingUITests */,
				A54922F924DB0F2200C9B140 /* Products */,
			);
			sourceTree = "<group>";
		};
		A54922F924DB0F2200C9B140 /* Products */ = {
			isa = PBXGroup;
			children = (
				A54922F824DB0F2200C9B140 /* Githublearing.app */,
				A549230E24DB0F2700C9B140 /* GithublearingTests.xctest */,
				A549231924DB0F2700C9B140 /* GithublearingUITests.xctest */,
			);
			name = Products;
			sourceTree = "<group>";
		};
		A54922FA24DB0F2200C9B140 /* Githublearing */ = {
			isa = PBXGroup;
			children = (
				A54922FB24DB0F2200C9B140 /* AppDelegate.swift */,
				A54922FD24DB0F2200C9B140 /* SceneDelegate.swift */,
				A54922FF24DB0F2200C9B140 /* ViewController.swift */,
				A549230124DB0F2200C9B140 /* Main.storyboard */,
				A549230424DB0F2600C9B140 /* Assets.xcassets */,
				A549230624DB0F2600C9B140 /* LaunchScreen.storyboard */,
				A549230924DB0F2600C9B140 /* Info.plist */,
			);
			path = Githublearing;
			sourceTree = "<group>";
		};
		A549231124DB0F2700C9B140 /* GithublearingTests */ = {
			isa = PBXGroup;
			children = (
				A549231224DB0F2700C9B140 /* GithublearingTests.swift */,
				A549231424DB0F2700C9B140 /* Info.plist */,
			);
			path = GithublearingTests;
			sourceTree = "<group>";
		};
		A549231C24DB0F2700C9B140 /* GithublearingUITests */ = {
			isa = PBXGroup;
			children = (
				A549231D24DB0F2700C9B140 /* GithublearingUITests.swift */,
				A549231F24DB0F2700C9B140 /* Info.plist */,
			);
			path = GithublearingUITests;
			sourceTree = "<group>";
		};
/* End PBXGroup section */

/* Begin PBXNativeTarget section */
		A54922F724DB0F2200C9B140 /* Githublearing */ = {
			isa = PBXNativeTarget;
			buildConfigurationList = A549232224DB0F2700C9B140 /* Build configuration list for PBXNativeTarget "Githublearing" */;
			buildPhases = (
				A54922F424DB0F2200C9B140 /* Sources */,
				A54922F524DB0F2200C9B140 /* Frameworks */,
				A54922F624DB0F2200C9B140 /* Resources */,
			);
			buildRules = (
			);
			dependencies = (
			);
			name = Githublearing;
			productName = Githublearing;
			productReference = A54922F824DB0F2200C9B140 /* Githublearing.app */;
			productType = "com.apple.product-type.application";
		};
		A549230D24DB0F2700C9B140 /* GithublearingTests */ = {
			isa = PBXNativeTarget;
			buildConfigurationList = A549232524DB0F2700C9B140 /* Build configuration list for PBXNativeTarget "GithublearingTests" */;
			buildPhases = (
				A549230A24DB0F2700C9B140 /* Sources */,
				A549230B24DB0F2700C9B140 /* Frameworks */,
				A549230C24DB0F2700C9B140 /* Resources */,
			);
			buildRules = (
			);
			dependencies = (
				A549231024DB0F2700C9B140 /* PBXTargetDependency */,
			);
			name = GithublearingTests;
			productName = GithublearingTests;
			productReference = A549230E24DB0F2700C9B140 /* GithublearingTests.xctest */;
			productType = "com.apple.product-type.bundle.unit-test";
		};
		A549231824DB0F2700C9B140 /* GithublearingUITests */ = {
			isa = PBXNativeTarget;
			buildConfigurationList = A549232824DB0F2700C9B140 /* Build configuration list for PBXNativeTarget "GithublearingUITests" */;
			buildPhases = (
				A549231524DB0F2700C9B140 /* Sources */,
				A549231624DB0F2700C9B140 /* Frameworks */,
				A549231724DB0F2700C9B140 /* Resources */,
			);
			buildRules = (
			);
			dependencies = (
				A549231B24DB0F2700C9B140 /* PBXTargetDependency */,
			);
			name = GithublearingUITests;
			productName = GithublearingUITests;
			productReference = A549231924DB0F2700C9B140 /* GithublearingUITests.xctest */;
			productType = "com.apple.product-type.bundle.ui-testing";
		};
/* End PBXNativeTarget section */

/* Begin PBXProject section */
		A54922F024DB0F2200C9B140 /* Project object */ = {
			isa = PBXProject;
			attributes = {
				LastSwiftUpdateCheck = 1200;
				LastUpgradeCheck = 1200;
				TargetAttributes = {
					A54922F724DB0F2200C9B140 = {
						CreatedOnToolsVersion = 12.0;
					};
					A549230D24DB0F2700C9B140 = {
						CreatedOnToolsVersion = 12.0;
						TestTargetID = A54922F724DB0F2200C9B140;
					};
					A549231824DB0F2700C9B140 = {
						CreatedOnToolsVersion = 12.0;
						TestTargetID = A54922F724DB0F2200C9B140;
					};
				};
			};
			buildConfigurationList = A54922F324DB0F2200C9B140 /* Build configuration list for PBXProject "Githublearing" */;
			compatibilityVersion = "Xcode 9.3";
			developmentRegion = en;
			hasScannedForEncodings = 0;
			knownRegions = (
				en,
				Base,
			);
			mainGroup = A54922EF24DB0F2200C9B140;
			productRefGroup = A54922F924DB0F2200C9B140 /* Products */;
			projectDirPath = "";
			projectRoot = "";
			targets = (
				A54922F724DB0F2200C9B140 /* Githublearing */,
				A549230D24DB0F2700C9B140 /* GithublearingTests */,
				A549231824DB0F2700C9B140 /* GithublearingUITests */,
			);
		};
/* End PBXProject section */

/* Begin PBXResourcesBuildPhase section */
		A54922F624DB0F2200C9B140 /* Resources */ = {
			isa = PBXResourcesBuildPhase;
			buildActionMask = 2147483647;
			files = (
				A549230824DB0F2600C9B140 /* LaunchScreen.storyboard in Resources */,
				A549230524DB0F2600C9B140 /* Assets.xcassets in Resources */,
				A549230324DB0F2200C9B140 /* Main.storyboard in Resources */,
			);
			runOnlyForDeploymentPostprocessing = 0;
		};
		A549230C24DB0F2700C9B140 /* Resources */ = {
			isa = PBXResourcesBuildPhase;
			buildActionMask = 2147483647;
			files = (
			);
			runOnlyForDeploymentPostprocessing = 0;
		};
		A549231724DB0F2700C9B140 /* Resources */ = {
			isa = PBXResourcesBuildPhase;
			buildActionMask = 2147483647;
			files = (
			);
			runOnlyForDeploymentPostprocessing = 0;
		};
/* End PBXResourcesBuildPhase section */

/* Begin PBXSourcesBuildPhase section */
		A54922F424DB0F2200C9B140 /* Sources */ = {
			isa = PBXSourcesBuildPhase;
			buildActionMask = 2147483647;
			files = (
				A549230024DB0F2200C9B140 /* ViewController.swift in Sources */,
				A54922FC24DB0F2200C9B140 /* AppDelegate.swift in Sources */,
				A54922FE24DB0F2200C9B140 /* SceneDelegate.swift in Sources */,
			);
			runOnlyForDeploymentPostprocessing = 0;
		};
		A549230A24DB0F2700C9B140 /* Sources */ = {
			isa = PBXSourcesBuildPhase;
			buildActionMask = 2147483647;
			files = (
				A549231324DB0F2700C9B140 /* GithublearingTests.swift in Sources */,
			);
			runOnlyForDeploymentPostprocessing = 0;
		};
		A549231524DB0F2700C9B140 /* Sources */ = {
			isa = PBXSourcesBuildPhase;
			buildActionMask = 2147483647;
			files = (
				A549231E24DB0F2700C9B140 /* GithublearingUITests.swift in Sources */,
			);
			runOnlyForDeploymentPostprocessing = 0;
		};
/* End PBXSourcesBuildPhase section */

/* Begin PBXTargetDependency section */
		A549231024DB0F2700C9B140 /* PBXTargetDependency */ = {
			isa = PBXTargetDependency;
			target = A54922F724DB0F2200C9B140 /* Githublearing */;
			targetProxy = A549230F24DB0F2700C9B140 /* PBXContainerItemProxy */;
		};
		A549231B24DB0F2700C9B140 /* PBXTargetDependency */ = {
			isa = PBXTargetDependency;
			target = A54922F724DB0F2200C9B140 /* Githublearing */;
			targetProxy = A549231A24DB0F2700C9B140 /* PBXContainerItemProxy */;
		};
/* End PBXTargetDependency section */

/* Begin PBXVariantGroup section */
		A549230124DB0F2200C9B140 /* Main.storyboard */ = {
			isa = PBXVariantGroup;
			children = (
				A549230224DB0F2200C9B140 /* Base */,
			);
			name = Main.storyboard;
			sourceTree = "<group>";
		};
		A549230624DB0F2600C9B140 /* LaunchScreen.storyboard */ = {
			isa = PBXVariantGroup;
			children = (
				A549230724DB0F2600C9B140 /* Base */,
			);
			name = LaunchScreen.storyboard;
			sourceTree = "<group>";
		};
/* End PBXVariantGroup section */

/* Begin XCBuildConfiguration section */
		A549232024DB0F2700C9B140 /* Debug */ = {
			isa = XCBuildConfiguration;
			buildSettings = {
				ALWAYS_SEARCH_USER_PATHS = NO;
				CLANG_ANALYZER_NONNULL = YES;
				CLANG_ANALYZER_NUMBER_OBJECT_CONVERSION = YES_AGGRESSIVE;
				CLANG_CXX_LANGUAGE_STANDARD = "gnu++14";
				CLANG_CXX_LIBRARY = "libc++";
				CLANG_ENABLE_MODULES = YES;
				CLANG_ENABLE_OBJC_ARC = YES;
				CLANG_ENABLE_OBJC_WEAK = YES;
				CLANG_WARN_BLOCK_CAPTURE_AUTORELEASING = YES;
				CLANG_WARN_BOOL_CONVERSION = YES;
				CLANG_WARN_COMMA = YES;
				CLANG_WARN_CONSTANT_CONVERSION = YES;
				CLANG_WARN_DEPRECATED_OBJC_IMPLEMENTATIONS = YES;
				CLANG_WARN_DIRECT_OBJC_ISA_USAGE = YES_ERROR;
				CLANG_WARN_DOCUMENTATION_COMMENTS = YES;
				CLANG_WARN_EMPTY_BODY = YES;
				CLANG_WARN_ENUM_CONVERSION = YES;
				CLANG_WARN_INFINITE_RECURSION = YES;
				CLANG_WARN_INT_CONVERSION = YES;
				CLANG_WARN_NON_LITERAL_NULL_CONVERSION = YES;
				CLANG_WARN_OBJC_IMPLICIT_RETAIN_SELF = YES;
				CLANG_WARN_OBJC_LITERAL_CONVERSION = YES;
				CLANG_WARN_OBJC_ROOT_CLASS = YES_ERROR;
				CLANG_WARN_QUOTED_INCLUDE_IN_FRAMEWORK_HEADER = YES;
				CLANG_WARN_RANGE_LOOP_ANALYSIS = YES;
				CLANG_WARN_STRICT_PROTOTYPES = YES;
				CLANG_WARN_SUSPICIOUS_MOVE = YES;
				CLANG_WARN_UNGUARDED_AVAILABILITY = YES_AGGRESSIVE;
				CLANG_WARN_UNREACHABLE_CODE = YES;
				CLANG_WARN__DUPLICATE_METHOD_MATCH = YES;
				COPY_PHASE_STRIP = NO;
				DEBUG_INFORMATION_FORMAT = dwarf;
				ENABLE_STRICT_OBJC_MSGSEND = YES;
				ENABLE_TESTABILITY = YES;
				GCC_C_LANGUAGE_STANDARD = gnu11;
				GCC_DYNAMIC_NO_PIC = NO;
				GCC_NO_COMMON_BLOCKS = YES;
				GCC_OPTIMIZATION_LEVEL = 0;
				GCC_PREPROCESSOR_DEFINITIONS = (
					"DEBUG=1",
					"$(inherited)",
				);
				GCC_WARN_64_TO_32_BIT_CONVERSION = YES;
				GCC_WARN_ABOUT_RETURN_TYPE = YES_ERROR;
				GCC_WARN_UNDECLARED_SELECTOR = YES;
				GCC_WARN_UNINITIALIZED_AUTOS = YES_AGGRESSIVE;
				GCC_WARN_UNUSED_FUNCTION = YES;
				GCC_WARN_UNUSED_VARIABLE = YES;
				IPHONEOS_DEPLOYMENT_TARGET = 14.0;
				MTL_ENABLE_DEBUG_INFO = INCLUDE_SOURCE;
				MTL_FAST_MATH = YES;
				ONLY_ACTIVE_ARCH = YES;
				SDKROOT = iphoneos;
				SWIFT_ACTIVE_COMPILATION_CONDITIONS = DEBUG;
				SWIFT_OPTIMIZATION_LEVEL = "-Onone";
			};
			name = Debug;
		};
		A549232124DB0F2700C9B140 /* Release */ = {
			isa = XCBuildConfiguration;
			buildSettings = {
				ALWAYS_SEARCH_USER_PATHS = NO;
				CLANG_ANALYZER_NONNULL = YES;
				CLANG_ANALYZER_NUMBER_OBJECT_CONVERSION = YES_AGGRESSIVE;
				CLANG_CXX_LANGUAGE_STANDARD = "gnu++14";
				CLANG_CXX_LIBRARY = "libc++";
				CLANG_ENABLE_MODULES = YES;
				CLANG_ENABLE_OBJC_ARC = YES;
				CLANG_ENABLE_OBJC_WEAK = YES;
				CLANG_WARN_BLOCK_CAPTURE_AUTORELEASING = YES;
				CLANG_WARN_BOOL_CONVERSION = YES;
				CLANG_WARN_COMMA = YES;
				CLANG_WARN_CONSTANT_CONVERSION = YES;
				CLANG_WARN_DEPRECATED_OBJC_IMPLEMENTATIONS = YES;
				CLANG_WARN_DIRECT_OBJC_ISA_USAGE = YES_ERROR;
				CLANG_WARN_DOCUMENTATION_COMMENTS = YES;
				CLANG_WARN_EMPTY_BODY = YES;
				CLANG_WARN_ENUM_CONVERSION = YES;
				CLANG_WARN_INFINITE_RECURSION = YES;
				CLANG_WARN_INT_CONVERSION = YES;
				CLANG_WARN_NON_LITERAL_NULL_CONVERSION = YES;
				CLANG_WARN_OBJC_IMPLICIT_RETAIN_SELF = YES;
				CLANG_WARN_OBJC_LITERAL_CONVERSION = YES;
				CLANG_WARN_OBJC_ROOT_CLASS = YES_ERROR;
				CLANG_WARN_QUOTED_INCLUDE_IN_FRAMEWORK_HEADER = YES;
				CLANG_WARN_RANGE_LOOP_ANALYSIS = YES;
				CLANG_WARN_STRICT_PROTOTYPES = YES;
				CLANG_WARN_SUSPICIOUS_MOVE = YES;
				CLANG_WARN_UNGUARDED_AVAILABILITY = YES_AGGRESSIVE;
				CLANG_WARN_UNREACHABLE_CODE = YES;
				CLANG_WARN__DUPLICATE_METHOD_MATCH = YES;
				COPY_PHASE_STRIP = NO;
				DEBUG_INFORMATION_FORMAT = "dwarf-with-dsym";
				ENABLE_NS_ASSERTIONS = NO;
				ENABLE_STRICT_OBJC_MSGSEND = YES;
				GCC_C_LANGUAGE_STANDARD = gnu11;
				GCC_NO_COMMON_BLOCKS = YES;
				GCC_WARN_64_TO_32_BIT_CONVERSION = YES;
				GCC_WARN_ABOUT_RETURN_TYPE = YES_ERROR;
				GCC_WARN_UNDECLARED_SELECTOR = YES;
				GCC_WARN_UNINITIALIZED_AUTOS = YES_AGGRESSIVE;
				GCC_WARN_UNUSED_FUNCTION = YES;
				GCC_WARN_UNUSED_VARIABLE = YES;
				IPHONEOS_DEPLOYMENT_TARGET = 14.0;
				MTL_ENABLE_DEBUG_INFO = NO;
				MTL_FAST_MATH = YES;
				SDKROOT = iphoneos;
				SWIFT_COMPILATION_MODE = wholemodule;
				SWIFT_OPTIMIZATION_LEVEL = "-O";
				VALIDATE_PRODUCT = YES;
			};
			name = Release;
		};
		A549232324DB0F2700C9B140 /* Debug */ = {
			isa = XCBuildConfiguration;
			buildSettings = {
				ASSETCATALOG_COMPILER_APPICON_NAME = AppIcon;
				ASSETCATALOG_COMPILER_GLOBAL_ACCENT_COLOR_NAME = AccentColor;
				CODE_SIGN_STYLE = Automatic;
				INFOPLIST_FILE = Githublearing/Info.plist;
				LD_RUNPATH_SEARCH_PATHS = (
					"$(inherited)",
					"@executable_path/Frameworks",
				);
				PRODUCT_BUNDLE_IDENTIFIER = nalin.com.Githublearing;
				PRODUCT_NAME = "$(TARGET_NAME)";
				SWIFT_VERSION = 5.0;
				TARGETED_DEVICE_FAMILY = "1,2";
			};
			name = Debug;
		};
		A549232424DB0F2700C9B140 /* Release */ = {
			isa = XCBuildConfiguration;
			buildSettings = {
				ASSETCATALOG_COMPILER_APPICON_NAME = AppIcon;
				ASSETCATALOG_COMPILER_GLOBAL_ACCENT_COLOR_NAME = AccentColor;
				CODE_SIGN_STYLE = Automatic;
				INFOPLIST_FILE = Githublearing/Info.plist;
				LD_RUNPATH_SEARCH_PATHS = (
					"$(inherited)",
					"@executable_path/Frameworks",
				);
				PRODUCT_BUNDLE_IDENTIFIER = nalin.com.Githublearing;
				PRODUCT_NAME = "$(TARGET_NAME)";
				SWIFT_VERSION = 5.0;
				TARGETED_DEVICE_FAMILY = "1,2";
			};
			name = Release;
		};
		A549232624DB0F2700C9B140 /* Debug */ = {
			isa = XCBuildConfiguration;
			buildSettings = {
				ALWAYS_EMBED_SWIFT_STANDARD_LIBRARIES = YES;
				BUNDLE_LOADER = "$(TEST_HOST)";
				CODE_SIGN_STYLE = Automatic;
				INFOPLIST_FILE = GithublearingTests/Info.plist;
				IPHONEOS_DEPLOYMENT_TARGET = 14.0;
				LD_RUNPATH_SEARCH_PATHS = (
					"$(inherited)",
					"@executable_path/Frameworks",
					"@loader_path/Frameworks",
				);
				PRODUCT_BUNDLE_IDENTIFIER = nalin.com.GithublearingTests;
				PRODUCT_NAME = "$(TARGET_NAME)";
				SWIFT_VERSION = 5.0;
				TARGETED_DEVICE_FAMILY = "1,2";
				TEST_HOST = "$(BUILT_PRODUCTS_DIR)/Githublearing.app/Githublearing";
			};
			name = Debug;
		};
		A549232724DB0F2700C9B140 /* Release */ = {
			isa = XCBuildConfiguration;
			buildSettings = {
				ALWAYS_EMBED_SWIFT_STANDARD_LIBRARIES = YES;
				BUNDLE_LOADER = "$(TEST_HOST)";
				CODE_SIGN_STYLE = Automatic;
				INFOPLIST_FILE = GithublearingTests/Info.plist;
				IPHONEOS_DEPLOYMENT_TARGET = 14.0;
				LD_RUNPATH_SEARCH_PATHS = (
					"$(inherited)",
					"@executable_path/Frameworks",
					"@loader_path/Frameworks",
				);
				PRODUCT_BUNDLE_IDENTIFIER = nalin.com.GithublearingTests;
				PRODUCT_NAME = "$(TARGET_NAME)";
				SWIFT_VERSION = 5.0;
				TARGETED_DEVICE_FAMILY = "1,2";
				TEST_HOST = "$(BUILT_PRODUCTS_DIR)/Githublearing.app/Githublearing";
			};
			name = Release;
		};
		A549232924DB0F2700C9B140 /* Debug */ = {
			isa = XCBuildConfiguration;
			buildSettings = {
				ALWAYS_EMBED_SWIFT_STANDARD_LIBRARIES = YES;
				CODE_SIGN_STYLE = Automatic;
				INFOPLIST_FILE = GithublearingUITests/Info.plist;
				LD_RUNPATH_SEARCH_PATHS = (
					"$(inherited)",
					"@executable_path/Frameworks",
					"@loader_path/Frameworks",
				);
				PRODUCT_BUNDLE_IDENTIFIER = nalin.com.GithublearingUITests;
				PRODUCT_NAME = "$(TARGET_NAME)";
				SWIFT_VERSION = 5.0;
				TARGETED_DEVICE_FAMILY = "1,2";
				TEST_TARGET_NAME = Githublearing;
			};
			name = Debug;
		};
		A549232A24DB0F2700C9B140 /* Release */ = {
			isa = XCBuildConfiguration;
			buildSettings = {
				ALWAYS_EMBED_SWIFT_STANDARD_LIBRARIES = YES;
				CODE_SIGN_STYLE = Automatic;
				INFOPLIST_FILE = GithublearingUITests/Info.plist;
				LD_RUNPATH_SEARCH_PATHS = (
					"$(inherited)",
					"@executable_path/Frameworks",
					"@loader_path/Frameworks",
				);
				PRODUCT_BUNDLE_IDENTIFIER = nalin.com.GithublearingUITests;
				PRODUCT_NAME = "$(TARGET_NAME)";
				SWIFT_VERSION = 5.0;
				TARGETED_DEVICE_FAMILY = "1,2";
				TEST_TARGET_NAME = Githublearing;
			};
			name = Release;
		};
/* End XCBuildConfiguration section */

/* Begin XCConfigurationList section */
		A54922F324DB0F2200C9B140 /* Build configuration list for PBXProject "Githublearing" */ = {
			isa = XCConfigurationList;
			buildConfigurations = (
				A549232024DB0F2700C9B140 /* Debug */,
				A549232124DB0F2700C9B140 /* Release */,
			);
			defaultConfigurationIsVisible = 0;
			defaultConfigurationName = Release;
		};
		A549232224DB0F2700C9B140 /* Build configuration list for PBXNativeTarget "Githublearing" */ = {
			isa = XCConfigurationList;
			buildConfigurations = (
				A549232324DB0F2700C9B140 /* Debug */,
				A549232424DB0F2700C9B140 /* Release */,
			);
			defaultConfigurationIsVisible = 0;
			defaultConfigurationName = Release;
		};
		A549232524DB0F2700C9B140 /* Build configuration list for PBXNativeTarget "GithublearingTests" */ = {
			isa = XCConfigurationList;
			buildConfigurations = (
				A549232624DB0F2700C9B140 /* Debug */,
				A549232724DB0F2700C9B140 /* Release */,
			);
			defaultConfigurationIsVisible = 0;
			defaultConfigurationName = Release;
		};
		A549232824DB0F2700C9B140 /* Build configuration list for PBXNativeTarget "GithublearingUITests" */ = {
			isa = XCConfigurationList;
			buildConfigurations = (
				A549232924DB0F2700C9B140 /* Debug */,
				A549232A24DB0F2700C9B140 /* Release */,
			);
			defaultConfigurationIsVisible = 0;
			defaultConfigurationName = Release;
		};
/* End XCConfigurationList section */
	};
	rootObject = A54922F024DB0F2200C9B140 /* Project object */;
}
